
Microsoft Visual Studio Solution File, Format Version 12.00
# Visual Studio Version 17
VisualStudioVersion = 17.4.33213.308
MinimumVisualStudioVersion = 10.0.40219.1
Project("{FAE04EC0-301F-11D3-BF4B-00C04F79EFBC}") = "mystore", "mystore.csproj", "{856A9886-EFF4-4D77-960B-10EB022D37BC}"
EndProject
Global
	GlobalSection(SolutionConfigurationPlatforms) = preSolution
		Debug|Any CPU = Debug|Any CPU
		Release|Any CPU = Release|Any CPU
	EndGlobalSection
	GlobalSection(ProjectConfigurationPlatforms) = postSolution
		{856A9886-EFF4-4D77-960B-10EB022D37BC}.Debug|Any CPU.ActiveCfg = Debug|Any CPU
		{856A9886-EFF4-4D77-960B-10EB022D37BC}.Debug|Any CPU.Build.0 = Debug|Any CPU
		{856A9886-EFF4-4D77-960B-10EB022D37BC}.Release|Any CPU.ActiveCfg = Release|Any CPU
		{856A9886-EFF4-4D77-960B-10EB022D37BC}.Release|Any CPU.Build.0 = Release|Any CPU
	EndGlobalSection
	GlobalSection(SolutionProperties) = preSolution
		HideSolutionNode = FALSE
	EndGlobalSection
	GlobalSection(ExtensibilityGlobals) = postSolution
		SolutionGuid = {B9BDB4B6-B90C-4631-953D-08072A6C250B}
	EndGlobalSection
EndGlobal
